# This file is automatically @generated by Cargo.
# It is not intended for manual editing.
version = 4

[[package]]
name = "bitflags"
version = "2.13.2"
source = "registry+https://github.com/rust-lang/crates.io-index"
checksum = "3ded4057c258ba199e2d26386d3af3780957ecaee6c4ef4041c6b4b8b97c0b06"

[[package]]
name = "pishoo-tcp-demo-echo"
version = "0.1.0"
dependencies = [
 "wasip2",
]

[[package]]
name = "pishoo-tcp-demo-info"
version = "0.1.0"
dependencies = [
 "wasip2",
]

[[package]]
name = "wasip2"
version = "1.0.4+wasi-0.2.12"
source = "registry+https://github.com/rust-lang/crates.io-index"
checksum = "b67efb37e106e55ce722a510d6b5f9c17f083e5fc79afc2badeb12cc313d9487"
dependencies = [
 "wit-bindgen",
]

[[package]]
name = "wit-bindgen"
version = "0.57.1"
source = "registry+https://github.com/rust-lang/crates.io-index"
checksum = "1ebf944e87a7c253233ad6766e082e3cd714b5d03812acc24c318f549614536e"
dependencies = [
 "bitflags",
]

[[patch.unused]]
name = "dhttp"
version = "0.6.2"

[[patch.unused]]
name = "dhttp-access"
version = "0.4.2"

[[patch.unused]]
name = "dhttp-home"
version = "0.5.0"

[[patch.unused]]
name = "dhttp-identity"
version = "0.3.0"

[[patch.unused]]
name = "dhttp-log"
version = "0.1.0"

[[patch.unused]]
name = "dquic"
version = "0.7.2"

[[patch.unused]]
name = "dshell"
version = "0.6.2"

[[patch.unused]]
name = "dyns"
version = "0.7.2"

[[patch.unused]]
name = "h3x"
version = "0.6.2"

[[patch.unused]]
name = "qbase"
version = "0.6.4"

[[patch.unused]]
name = "qcongestion"
version = "0.6.2"

[[patch.unused]]
name = "qconnection"
version = "0.8.2"

[[patch.unused]]
name = "qdatagram"
version = "0.6.2"

[[patch.unused]]
name = "qevent"
version = "0.6.2"

[[patch.unused]]
name = "qinterface"
version = "0.7.2"

[[patch.unused]]
name = "qmacro"
version = "0.5.1"

[[patch.unused]]
name = "qrecovery"
version = "0.6.2"

[[patch.unused]]
name = "qresolve"
version = "0.8.1"

[[patch.unused]]
name = "qtraversal"
version = "0.7.2"

[[patch.unused]]
name = "qudp"
version = "0.7.2"

[[patch.unused]]
name = "rankey"
version = "0.2.2"
